
Microsoft Visual Studio Solution File, Format Version 12.00
# Visual Studio Version 17
VisualStudioVersion = 17.10.35004.147
MinimumVisualStudioVersion = 10.0.40219.1
Project("{9A19103F-16F7-4668-BE54-9A1E7A4F7556}") = "SalesDatePrediction", "SalesDatePrediction\SalesDatePrediction.csproj", "{583E3202-F3A1-428A-9CE5-ED9F62CE2068}"
EndProject
Project("{2150E333-8FDC-42A3-9474-1A3956D46DE8}") = "Application", "Application", "{37796EFA-FBCD-4861-ABD2-47CC683A43B0}"
EndProject
Project("{2150E333-8FDC-42A3-9474-1A3956D46DE8}") = "Entities", "Entities", "{860427CA-9CD6-4F3B-84FA-54417478224C}"
EndProject
Project("{9A19103F-16F7-4668-BE54-9A1E7A4F7556}") = "Entities", "Entities\Entities.csproj", "{7CC4A537-E694-4AB2-8F94-F403D0151437}"
EndProject
Project("{2150E333-8FDC-42A3-9474-1A3956D46DE8}") = "Business", "Business", "{CDB5296C-5FD8-40F7-B345-DBE19B95F6D6}"
EndProject
Project("{9A19103F-16F7-4668-BE54-9A1E7A4F7556}") = "Services", "Services\Services.csproj", "{404D85D7-C0F2-45BB-BAD3-4F01CAB2D8E5}"
EndProject
Project("{2150E333-8FDC-42A3-9474-1A3956D46DE8}") = "Test", "Test", "{5D3A183C-1638-4B48-BBFB-7C06C2EA2603}"
EndProject
Project("{FAE04EC0-301F-11D3-BF4B-00C04F79EFBC}") = "SalesDatePrediction.UnitTest", "SalesDatePrediction.UnitTest\SalesDatePrediction.UnitTest.csproj", "{C1FE8119-A66A-43E6-881F-2B20EE1CEB24}"
EndProject
Global
	GlobalSection(SolutionConfigurationPlatforms) = preSolution
		Debug|Any CPU = Debug|Any CPU
		Release|Any CPU = Release|Any CPU
	EndGlobalSection
	GlobalSection(ProjectConfigurationPlatforms) = postSolution
		{583E3202-F3A1-428A-9CE5-ED9F62CE2068}.Debug|Any CPU.ActiveCfg = Debug|Any CPU
		{583E3202-F3A1-428A-9CE5-ED9F62CE2068}.Debug|Any CPU.Build.0 = Debug|Any CPU
		{583E3202-F3A1-428A-9CE5-ED9F62CE2068}.Release|Any CPU.ActiveCfg = Release|Any CPU
		{583E3202-F3A1-428A-9CE5-ED9F62CE2068}.Release|Any CPU.Build.0 = Release|Any CPU
		{7CC4A537-E694-4AB2-8F94-F403D0151437}.Debug|Any CPU.ActiveCfg = Debug|Any CPU
		{7CC4A537-E694-4AB2-8F94-F403D0151437}.Debug|Any CPU.Build.0 = Debug|Any CPU
		{7CC4A537-E694-4AB2-8F94-F403D0151437}.Release|Any CPU.ActiveCfg = Release|Any CPU
		{7CC4A537-E694-4AB2-8F94-F403D0151437}.Release|Any CPU.Build.0 = Release|Any CPU
		{404D85D7-C0F2-45BB-BAD3-4F01CAB2D8E5}.Debug|Any CPU.ActiveCfg = Debug|Any CPU
		{404D85D7-C0F2-45BB-BAD3-4F01CAB2D8E5}.Debug|Any CPU.Build.0 = Debug|Any CPU
		{404D85D7-C0F2-45BB-BAD3-4F01CAB2D8E5}.Release|Any CPU.ActiveCfg = Release|Any CPU
		{404D85D7-C0F2-45BB-BAD3-4F01CAB2D8E5}.Release|Any CPU.Build.0 = Release|Any CPU
		{C1FE8119-A66A-43E6-881F-2B20EE1CEB24}.Debug|Any CPU.ActiveCfg = Debug|Any CPU
		{C1FE8119-A66A-43E6-881F-2B20EE1CEB24}.Debug|Any CPU.Build.0 = Debug|Any CPU
		{C1FE8119-A66A-43E6-881F-2B20EE1CEB24}.Release|Any CPU.ActiveCfg = Release|Any CPU
		{C1FE8119-A66A-43E6-881F-2B20EE1CEB24}.Release|Any CPU.Build.0 = Release|Any CPU
	EndGlobalSection
	GlobalSection(SolutionProperties) = preSolution
		HideSolutionNode = FALSE
	EndGlobalSection
	GlobalSection(NestedProjects) = preSolution
		{583E3202-F3A1-428A-9CE5-ED9F62CE2068} = {37796EFA-FBCD-4861-ABD2-47CC683A43B0}
		{7CC4A537-E694-4AB2-8F94-F403D0151437} = {860427CA-9CD6-4F3B-84FA-54417478224C}
		{404D85D7-C0F2-45BB-BAD3-4F01CAB2D8E5} = {CDB5296C-5FD8-40F7-B345-DBE19B95F6D6}
		{C1FE8119-A66A-43E6-881F-2B20EE1CEB24} = {5D3A183C-1638-4B48-BBFB-7C06C2EA2603}
	EndGlobalSection
	GlobalSection(ExtensibilityGlobals) = postSolution
		SolutionGuid = {7B907F7E-2E8E-48D0-BB9B-4F510F565BDA}
	EndGlobalSection
EndGlobal
